// !$*UTF8*$!
{
	archiveVersion = 1;
	classes = {
	};
	objectVersion = 51;
	objects = {

/* Begin PBXBuildFile section */
		090C6BDC24B3BA3F00E5C12A /* LanguageScreen.swift in Sources */ = {isa = PBXBuildFile; fileRef = 090C6BDB24B3BA3F00E5C12A /* LanguageScreen.swift */; };
		0918A79024B0BFCE0035B3CF /* EditDailyNormalVC.swift in Sources */ = {isa = PBXBuildFile; fileRef = 0918A78F24B0BFCE0035B3CF /* EditDailyNormalVC.swift */; };
		0923BDE324CB3B280042453C /* DaysOfWeek.swift in Sources */ = {isa = PBXBuildFile; fileRef = 0923BDE224CB3B280042453C /* DaysOfWeek.swift */; };
		0925E91424A61B8F00639973 /* ProgressBarView.swift in Sources */ = {isa = PBXBuildFile; fileRef = 0925E91324A61B8F00639973 /* ProgressBarView.swift */; };
		0932E4B824AFD54100E84C5E /* SettingsVC.swift in Sources */ = {isa = PBXBuildFile; fileRef = 0932E4B724AFD54100E84C5E /* SettingsVC.swift */; };
		094483472479701900FD1040 /* UserSettings.swift in Sources */ = {isa = PBXBuildFile; fileRef = 094483462479701900FD1040 /* UserSettings.swift */; };
		09448349247C372A00FD1040 /* SceneDelegate.swift in Sources */ = {isa = PBXBuildFile; fileRef = 09448348247C372A00FD1040 /* SceneDelegate.swift */; };
		0952DF442495024C00ACDA6B /* MililetersViewController.swift in Sources */ = {isa = PBXBuildFile; fileRef = 0952DF432495024C00ACDA6B /* MililetersViewController.swift */; };
		0952DF4824950AA800ACDA6B /* MilimetersScreen.swift in Sources */ = {isa = PBXBuildFile; fileRef = 0952DF4724950AA800ACDA6B /* MilimetersScreen.swift */; };
		09599BF524FD7E1600BC6C69 /* NotificationsTableViewTableViewController.swift in Sources */ = {isa = PBXBuildFile; fileRef = 09599BF424FD7E1600BC6C69 /* NotificationsTableViewTableViewController.swift */; };
		09599BF724FD7F0900BC6C69 /* NotificationsCell.swift in Sources */ = {isa = PBXBuildFile; fileRef = 09599BF624FD7F0900BC6C69 /* NotificationsCell.swift */; };
		09599BF9250035E600BC6C69 /* Localization.swift in Sources */ = {isa = PBXBuildFile; fileRef = 09599BF8250035E600BC6C69 /* Localization.swift */; };
		095E27A024F01AC800B0BFC4 /* WriteToUsVC.swift in Sources */ = {isa = PBXBuildFile; fileRef = 095E279F24F01AC800B0BFC4 /* WriteToUsVC.swift */; };
		095E870B248816460046F404 /* StatisticViewController.swift in Sources */ = {isa = PBXBuildFile; fileRef = 095E870A248816460046F404 /* StatisticViewController.swift */; };
		095E871124881AFF0046F404 /* SettingsScreen.swift in Sources */ = {isa = PBXBuildFile; fileRef = 095E871024881AFF0046F404 /* SettingsScreen.swift */; };
		095E8713248839F50046F404 /* SettingsCell.swift in Sources */ = {isa = PBXBuildFile; fileRef = 095E8712248839F50046F404 /* SettingsCell.swift */; };
		095E871724896EAF0046F404 /* MacawChartView.swift in Sources */ = {isa = PBXBuildFile; fileRef = 095E871624896EAF0046F404 /* MacawChartView.swift */; };
		095E8719248972010046F404 /* StatisticScreen.swift in Sources */ = {isa = PBXBuildFile; fileRef = 095E8718248972010046F404 /* StatisticScreen.swift */; };
		095E871B248D34140046F404 /* CollectionViewCell.swift in Sources */ = {isa = PBXBuildFile; fileRef = 095E871A248D34140046F404 /* CollectionViewCell.swift */; };
		0961AFAC24B3AEEE005A51BD /* SetLanguageTableVC.swift in Sources */ = {isa = PBXBuildFile; fileRef = 0961AFAB24B3AEEE005A51BD /* SetLanguageTableVC.swift */; };
		0961AFAE24B3AF0F005A51BD /* LanguageCell.swift in Sources */ = {isa = PBXBuildFile; fileRef = 0961AFAD24B3AF0F005A51BD /* LanguageCell.swift */; };
		097794A8249EAB930091F547 /* AddedDrinksCollectionViewCell.swift in Sources */ = {isa = PBXBuildFile; fileRef = 097794A7249EAB930091F547 /* AddedDrinksCollectionViewCell.swift */; };
		09826B8524EE8A4F00EBF532 /* Localize.strings in Resources */ = {isa = PBXBuildFile; fileRef = 09826B8724EE8A4F00EBF532 /* Localize.strings */; };
		0984F312247183BC0039749D /* Constants.swift in Sources */ = {isa = PBXBuildFile; fileRef = 0984F311247183BC0039749D /* Constants.swift */; };
		0984F31624718E580039749D /* ActivityManViewController.swift in Sources */ = {isa = PBXBuildFile; fileRef = 0984F31524718E580039749D /* ActivityManViewController.swift */; };
		0984F31A2471AE9D0039749D /* CalculateWater.swift in Sources */ = {isa = PBXBuildFile; fileRef = 0984F3192471AE9D0039749D /* CalculateWater.swift */; };
		0984F31C2471BFBB0039749D /* Water.swift in Sources */ = {isa = PBXBuildFile; fileRef = 0984F31B2471BFBB0039749D /* Water.swift */; };
		0984F31E2471C1A90039749D /* ResultViewController.swift in Sources */ = {isa = PBXBuildFile; fileRef = 0984F31D2471C1A90039749D /* ResultViewController.swift */; };
		0984F3202471C7BD0039749D /* WeightWomanViewController.swift in Sources */ = {isa = PBXBuildFile; fileRef = 0984F31F2471C7BD0039749D /* WeightWomanViewController.swift */; };
		0984F3222472E5750039749D /* MainViewController.swift in Sources */ = {isa = PBXBuildFile; fileRef = 0984F3212472E5740039749D /* MainViewController.swift */; };
		0984F3242472FC010039749D /* ActivityWomanViewController.swift in Sources */ = {isa = PBXBuildFile; fileRef = 0984F3232472FC010039749D /* ActivityWomanViewController.swift */; };
		0984F32624732D480039749D /* AddDrinksViewController.swift in Sources */ = {isa = PBXBuildFile; fileRef = 0984F32524732D480039749D /* AddDrinksViewController.swift */; };
		0984F32824732E2A0039749D /* Drinks.swift in Sources */ = {isa = PBXBuildFile; fileRef = 0984F32724732E2A0039749D /* Drinks.swift */; };
		0998247624C2EF990006204A /* SetNewWeightVC.swift in Sources */ = {isa = PBXBuildFile; fileRef = 0998247524C2EF990006204A /* SetNewWeightVC.swift */; };
		099FA0FD250C04CF000C6F25 /* PrivacyPolic.swift in Sources */ = {isa = PBXBuildFile; fileRef = 099FA0FC250C04CF000C6F25 /* PrivacyPolic.swift */; };
		099FA0FF250C07A0000C6F25 /* ScrollViewVC.swift in Sources */ = {isa = PBXBuildFile; fileRef = 099FA0FE250C07A0000C6F25 /* ScrollViewVC.swift */; };
		09EB599324C4719F00968BCE /* AboutUsVC.swift in Sources */ = {isa = PBXBuildFile; fileRef = 09EB599224C4719F00968BCE /* AboutUsVC.swift */; };
		09F5183824715A1E00DFB0C7 /* AppDelegate.swift in Sources */ = {isa = PBXBuildFile; fileRef = 09F5183724715A1E00DFB0C7 /* AppDelegate.swift */; };
		09F5183C24715A1E00DFB0C7 /* WelcomeViewController.swift in Sources */ = {isa = PBXBuildFile; fileRef = 09F5183B24715A1E00DFB0C7 /* WelcomeViewController.swift */; };
		09F5183F24715A1E00DFB0C7 /* Main.storyboard in Resources */ = {isa = PBXBuildFile; fileRef = 09F5183D24715A1E00DFB0C7 /* Main.storyboard */; };
		09F5184124715A2100DFB0C7 /* Assets.xcassets in Resources */ = {isa = PBXBuildFile; fileRef = 09F5184024715A2100DFB0C7 /* Assets.xcassets */; };
		09F5184424715A2100DFB0C7 /* LaunchScreen.storyboard in Resources */ = {isa = PBXBuildFile; fileRef = 09F5184224715A2100DFB0C7 /* LaunchScreen.storyboard */; };
		09F5184D24716B7200DFB0C7 /* WeightManViewController.swift in Sources */ = {isa = PBXBuildFile; fileRef = 09F5184C24716B7200DFB0C7 /* WeightManViewController.swift */; };
		82EEEC62277B523B06B35702 /* Pods_Water_.framework in Frameworks */ = {isa = PBXBuildFile; fileRef = 29F7213724526F6DFAC27016 /* Pods_Water_.framework */; };
/* End PBXBuildFile section */

/* Begin PBXFileReference section */
		090C6BDB24B3BA3F00E5C12A /* LanguageScreen.swift */ = {isa = PBXFileReference; lastKnownFileType = sourcecode.swift; path = LanguageScreen.swift; sourceTree = "<group>"; };
		0918A78F24B0BFCE0035B3CF /* EditDailyNormalVC.swift */ = {isa = PBXFileReference; lastKnownFileType = sourcecode.swift; path = EditDailyNormalVC.swift; sourceTree = "<group>"; };
		0923BDE224CB3B280042453C /* DaysOfWeek.swift */ = {isa = PBXFileReference; lastKnownFileType = sourcecode.swift; path = DaysOfWeek.swift; sourceTree = "<group>"; };
		0925E91324A61B8F00639973 /* ProgressBarView.swift */ = {isa = PBXFileReference; lastKnownFileType = sourcecode.swift; path = ProgressBarView.swift; sourceTree = "<group>"; };
		0932E4B724AFD54100E84C5E /* SettingsVC.swift */ = {isa = PBXFileReference; lastKnownFileType = sourcecode.swift; path = SettingsVC.swift; sourceTree = "<group>"; };
		094483462479701900FD1040 /* UserSettings.swift */ = {isa = PBXFileReference; lastKnownFileType = sourcecode.swift; path = UserSettings.swift; sourceTree = "<group>"; };
		09448348247C372A00FD1040 /* SceneDelegate.swift */ = {isa = PBXFileReference; fileEncoding = 4; lastKnownFileType = sourcecode.swift; path = SceneDelegate.swift; sourceTree = "<group>"; };
		0948833125114E68008B92A5 /* fr */ = {isa = PBXFileReference; lastKnownFileType = text.plist.strings; name = fr; path = fr.lproj/Main.strings; sourceTree = "<group>"; };
		0948833225114E68008B92A5 /* fr */ = {isa = PBXFileReference; lastKnownFileType = text.plist.strings; name = fr; path = fr.lproj/LaunchScreen.strings; sourceTree = "<group>"; };
		0952DF432495024C00ACDA6B /* MililetersViewController.swift */ = {isa = PBXFileReference; lastKnownFileType = sourcecode.swift; path = MililetersViewController.swift; sourceTree = "<group>"; };
		0952DF4724950AA800ACDA6B /* MilimetersScreen.swift */ = {isa = PBXFileReference; lastKnownFileType = sourcecode.swift; path = MilimetersScreen.swift; sourceTree = "<group>"; };
		09599BF424FD7E1600BC6C69 /* NotificationsTableViewTableViewController.swift */ = {isa = PBXFileReference; lastKnownFileType = sourcecode.swift; path = NotificationsTableViewTableViewController.swift; sourceTree = "<group>"; };
		09599BF624FD7F0900BC6C69 /* NotificationsCell.swift */ = {isa = PBXFileReference; lastKnownFileType = sourcecode.swift; path = NotificationsCell.swift; sourceTree = "<group>"; };
		09599BF8250035E600BC6C69 /* Localization.swift */ = {isa = PBXFileReference; lastKnownFileType = sourcecode.swift; path = Localization.swift; sourceTree = "<group>"; };
		095E279F24F01AC800B0BFC4 /* WriteToUsVC.swift */ = {isa = PBXFileReference; lastKnownFileType = sourcecode.swift; path = WriteToUsVC.swift; sourceTree = "<group>"; };
		095E870A248816460046F404 /* StatisticViewController.swift */ = {isa = PBXFileReference; lastKnownFileType = sourcecode.swift; path = StatisticViewController.swift; sourceTree = "<group>"; };
		095E871024881AFF0046F404 /* SettingsScreen.swift */ = {isa = PBXFileReference; lastKnownFileType = sourcecode.swift; path = SettingsScreen.swift; sourceTree = "<group>"; };
		095E8712248839F50046F404 /* SettingsCell.swift */ = {isa = PBXFileReference; lastKnownFileType = sourcecode.swift; path = SettingsCell.swift; sourceTree = "<group>"; };
		095E871624896EAF0046F404 /* MacawChartView.swift */ = {isa = PBXFileReference; lastKnownFileType = sourcecode.swift; path = MacawChartView.swift; sourceTree = "<group>"; };
		095E8718248972010046F404 /* StatisticScreen.swift */ = {isa = PBXFileReference; lastKnownFileType = sourcecode.swift; path = StatisticScreen.swift; sourceTree = "<group>"; };
		095E871A248D34140046F404 /* CollectionViewCell.swift */ = {isa = PBXFileReference; lastKnownFileType = sourcecode.swift; path = CollectionViewCell.swift; sourceTree = "<group>"; };
		0961AFAB24B3AEEE005A51BD /* SetLanguageTableVC.swift */ = {isa = PBXFileReference; lastKnownFileType = sourcecode.swift; path = SetLanguageTableVC.swift; sourceTree = "<group>"; };
		0961AFAD24B3AF0F005A51BD /* LanguageCell.swift */ = {isa = PBXFileReference; lastKnownFileType = sourcecode.swift; path = LanguageCell.swift; sourceTree = "<group>"; };
		097794A7249EAB930091F547 /* AddedDrinksCollectionViewCell.swift */ = {isa = PBXFileReference; lastKnownFileType = sourcecode.swift; path = AddedDrinksCollectionViewCell.swift; sourceTree = "<group>"; };
		09826B8624EE8A4F00EBF532 /* en */ = {isa = PBXFileReference; lastKnownFileType = text.plist.strings; name = en; path = en.lproj/Localize.strings; sourceTree = "<group>"; };
		09826B8D24EEB65B00EBF532 /* en */ = {isa = PBXFileReference; lastKnownFileType = text.plist.strings; name = en; path = en.lproj/Main.strings; sourceTree = "<group>"; };
		09826B8E24EEBE1700EBF532 /* ru */ = {isa = PBXFileReference; lastKnownFileType = text.plist.strings; name = ru; path = ru.lproj/Main.strings; sourceTree = "<group>"; };
		09826B8F24EEBE1700EBF532 /* ru */ = {isa = PBXFileReference; lastKnownFileType = text.plist.strings; name = ru; path = ru.lproj/LaunchScreen.strings; sourceTree = "<group>"; };
		09826B9024EEBE1700EBF532 /* ru */ = {isa = PBXFileReference; lastKnownFileType = text.plist.strings; name = ru; path = ru.lproj/Localize.strings; sourceTree = "<group>"; };
		09826B9124EECD5B00EBF532 /* de */ = {isa = PBXFileReference; lastKnownFileType = text.plist.strings; name = de; path = de.lproj/Main.strings; sourceTree = "<group>"; };
		09826B9224EECD5C00EBF532 /* de */ = {isa = PBXFileReference; lastKnownFileType = text.plist.strings; name = de; path = de.lproj/LaunchScreen.strings; sourceTree = "<group>"; };
		09826B9324EECD5C00EBF532 /* de */ = {isa = PBXFileReference; lastKnownFileType = text.plist.strings; name = de; path = de.lproj/Localize.strings; sourceTree = "<group>"; };
		09826B9424EECD6300EBF532 /* it */ = {isa = PBXFileReference; lastKnownFileType = text.plist.strings; name = it; path = it.lproj/Main.strings; sourceTree = "<group>"; };
		09826B9524EECD6300EBF532 /* it */ = {isa = PBXFileReference; lastKnownFileType = text.plist.strings; name = it; path = it.lproj/LaunchScreen.strings; sourceTree = "<group>"; };
		09826B9624EECD6300EBF532 /* it */ = {isa = PBXFileReference; lastKnownFileType = text.plist.strings; name = it; path = it.lproj/Localize.strings; sourceTree = "<group>"; };
		0984F311247183BC0039749D /* Constants.swift */ = {isa = PBXFileReference; lastKnownFileType = sourcecode.swift; path = Constants.swift; sourceTree = "<group>"; };
		0984F31524718E580039749D /* ActivityManViewController.swift */ = {isa = PBXFileReference; lastKnownFileType = sourcecode.swift; path = ActivityManViewController.swift; sourceTree = "<group>"; };
		0984F3192471AE9D0039749D /* CalculateWater.swift */ = {isa = PBXFileReference; lastKnownFileType = sourcecode.swift; path = CalculateWater.swift; sourceTree = "<group>"; };
		0984F31B2471BFBB0039749D /* Water.swift */ = {isa = PBXFileReference; lastKnownFileType = sourcecode.swift; path = Water.swift; sourceTree = "<group>"; };
		0984F31D2471C1A90039749D /* ResultViewController.swift */ = {isa = PBXFileReference; lastKnownFileType = sourcecode.swift; path = ResultViewController.swift; sourceTree = "<group>"; };
		0984F31F2471C7BD0039749D /* WeightWomanViewController.swift */ = {isa = PBXFileReference; lastKnownFileType = sourcecode.swift; path = WeightWomanViewController.swift; sourceTree = "<group>"; };
		0984F3212472E5740039749D /* MainViewController.swift */ = {isa = PBXFileReference; lastKnownFileType = sourcecode.swift; path = MainViewController.swift; sourceTree = "<group>"; };
		0984F3232472FC010039749D /* ActivityWomanViewController.swift */ = {isa = PBXFileReference; lastKnownFileType = sourcecode.swift; path = ActivityWomanViewController.swift; sourceTree = "<group>"; };
		0984F32524732D480039749D /* AddDrinksViewController.swift */ = {isa = PBXFileReference; lastKnownFileType = sourcecode.swift; path = AddDrinksViewController.swift; sourceTree = "<group>"; };
		0984F32724732E2A0039749D /* Drinks.swift */ = {isa = PBXFileReference; lastKnownFileType = sourcecode.swift; path = Drinks.swift; sourceTree = "<group>"; };
		0998247524C2EF990006204A /* SetNewWeightVC.swift */ = {isa = PBXFileReference; lastKnownFileType = sourcecode.swift; path = SetNewWeightVC.swift; sourceTree = "<group>"; };
		099FA0FC250C04CF000C6F25 /* PrivacyPolic.swift */ = {isa = PBXFileReference; lastKnownFileType = sourcecode.swift; path = PrivacyPolic.swift; sourceTree = "<group>"; };
		099FA0FE250C07A0000C6F25 /* ScrollViewVC.swift */ = {isa = PBXFileReference; lastKnownFileType = sourcecode.swift; path = ScrollViewVC.swift; sourceTree = "<group>"; };
		09EB599224C4719F00968BCE /* AboutUsVC.swift */ = {isa = PBXFileReference; lastKnownFileType = sourcecode.swift; path = AboutUsVC.swift; sourceTree = "<group>"; };
		09F5183424715A1E00DFB0C7 /* Water+.app */ = {isa = PBXFileReference; explicitFileType = wrapper.application; includeInIndex = 0; path = "Water+.app"; sourceTree = BUILT_PRODUCTS_DIR; };
		09F5183724715A1E00DFB0C7 /* AppDelegate.swift */ = {isa = PBXFileReference; lastKnownFileType = sourcecode.swift; path = AppDelegate.swift; sourceTree = "<group>"; };
		09F5183B24715A1E00DFB0C7 /* WelcomeViewController.swift */ = {isa = PBXFileReference; lastKnownFileType = sourcecode.swift; path = WelcomeViewController.swift; sourceTree = "<group>"; };
		09F5183E24715A1E00DFB0C7 /* Base */ = {isa = PBXFileReference; lastKnownFileType = file.storyboard; name = Base; path = Base.lproj/Main.storyboard; sourceTree = "<group>"; };
		09F5184024715A2100DFB0C7 /* Assets.xcassets */ = {isa = PBXFileReference; lastKnownFileType = folder.assetcatalog; path = Assets.xcassets; sourceTree = "<group>"; };
		09F5184324715A2100DFB0C7 /* Base */ = {isa = PBXFileReference; lastKnownFileType = file.storyboard; name = Base; path = Base.lproj/LaunchScreen.storyboard; sourceTree = "<group>"; };
		09F5184524715A2100DFB0C7 /* Info.plist */ = {isa = PBXFileReference; lastKnownFileType = text.plist.xml; path = Info.plist; sourceTree = "<group>"; };
		09F5184C24716B7200DFB0C7 /* WeightManViewController.swift */ = {isa = PBXFileReference; lastKnownFileType = sourcecode.swift; path = WeightManViewController.swift; sourceTree = "<group>"; };
		29F7213724526F6DFAC27016 /* Pods_Water_.framework */ = {isa = PBXFileReference; explicitFileType = wrapper.framework; includeInIndex = 0; path = Pods_Water_.framework; sourceTree = BUILT_PRODUCTS_DIR; };
		A39DCE0E2C5ED8C6D52CB672 /* Pods-Water+.release.xcconfig */ = {isa = PBXFileReference; includeInIndex = 1; lastKnownFileType = text.xcconfig; name = "Pods-Water+.release.xcconfig"; path = "Target Support Files/Pods-Water+/Pods-Water+.release.xcconfig"; sourceTree = "<group>"; };
		AA116C0ADC526BA2D7D3B872 /* Pods-Water+.debug.xcconfig */ = {isa = PBXFileReference; includeInIndex = 1; lastKnownFileType = text.xcconfig; name = "Pods-Water+.debug.xcconfig"; path = "Target Support Files/Pods-Water+/Pods-Water+.debug.xcconfig"; sourceTree = "<group>"; };
/* End PBXFileReference section */

/* Begin PBXFrameworksBuildPhase section */
		09F5183124715A1E00DFB0C7 /* Frameworks */ = {
			isa = PBXFrameworksBuildPhase;
			buildActionMask = 2147483647;
			files = (
				82EEEC62277B523B06B35702 /* Pods_Water_.framework in Frameworks */,
			);
			runOnlyForDeploymentPostprocessing = 0;
		};
/* End PBXFrameworksBuildPhase section */

/* Begin PBXGroup section */
		0984F3172471A6810039749D /* Views */ = {
			isa = PBXGroup;
			children = (
				09F5183D24715A1E00DFB0C7 /* Main.storyboard */,
				095E8712248839F50046F404 /* SettingsCell.swift */,
				09599BF624FD7F0900BC6C69 /* NotificationsCell.swift */,
				095E871A248D34140046F404 /* CollectionViewCell.swift */,
				097794A7249EAB930091F547 /* AddedDrinksCollectionViewCell.swift */,
				0925E91324A61B8F00639973 /* ProgressBarView.swift */,
				0961AFAD24B3AF0F005A51BD /* LanguageCell.swift */,
				099FA0FE250C07A0000C6F25 /* ScrollViewVC.swift */,
			);
			path = Views;
			sourceTree = "<group>";
		};
		0984F3182471AE7A0039749D /* Models */ = {
			isa = PBXGroup;
			children = (
				0984F3192471AE9D0039749D /* CalculateWater.swift */,
				0984F31B2471BFBB0039749D /* Water.swift */,
				0984F32724732E2A0039749D /* Drinks.swift */,
				094483462479701900FD1040 /* UserSettings.swift */,
				095E871024881AFF0046F404 /* SettingsScreen.swift */,
				095E8718248972010046F404 /* StatisticScreen.swift */,
				0952DF4724950AA800ACDA6B /* MilimetersScreen.swift */,
				090C6BDB24B3BA3F00E5C12A /* LanguageScreen.swift */,
				0923BDE224CB3B280042453C /* DaysOfWeek.swift */,
				09599BF8250035E600BC6C69 /* Localization.swift */,
			);
			path = Models;
			sourceTree = "<group>";
		};
		09F5182B24715A1E00DFB0C7 = {
			isa = PBXGroup;
			children = (
				09F5183624715A1E00DFB0C7 /* Water+ */,
				09F5183524715A1E00DFB0C7 /* Products */,
				0CEC22C68076B384ABF1E234 /* Pods */,
				0BE629EE5EE19698FBE73130 /* Frameworks */,
			);
			sourceTree = "<group>";
		};
		09F5183524715A1E00DFB0C7 /* Products */ = {
			isa = PBXGroup;
			children = (
				09F5183424715A1E00DFB0C7 /* Water+.app */,
			);
			name = Products;
			sourceTree = "<group>";
		};
		09F5183624715A1E00DFB0C7 /* Water+ */ = {
			isa = PBXGroup;
			children = (
				09F5183724715A1E00DFB0C7 /* AppDelegate.swift */,
				09448348247C372A00FD1040 /* SceneDelegate.swift */,
				0984F3182471AE7A0039749D /* Models */,
				09F5184B24716B1400DFB0C7 /* Controllers */,
				0984F3172471A6810039749D /* Views */,
				09F5184024715A2100DFB0C7 /* Assets.xcassets */,
				09F5184224715A2100DFB0C7 /* LaunchScreen.storyboard */,
				09F5184524715A2100DFB0C7 /* Info.plist */,
				0984F311247183BC0039749D /* Constants.swift */,
				09826B8724EE8A4F00EBF532 /* Localize.strings */,
			);
			path = "Water+";
			sourceTree = "<group>";
		};
		09F5184B24716B1400DFB0C7 /* Controllers */ = {
			isa = PBXGroup;
			children = (
				09F5183B24715A1E00DFB0C7 /* WelcomeViewController.swift */,
				09F5184C24716B7200DFB0C7 /* WeightManViewController.swift */,
				0984F31F2471C7BD0039749D /* WeightWomanViewController.swift */,
				0984F31524718E580039749D /* ActivityManViewController.swift */,
				0984F3232472FC010039749D /* ActivityWomanViewController.swift */,
				0984F31D2471C1A90039749D /* ResultViewController.swift */,
				0984F3212472E5740039749D /* MainViewController.swift */,
				0984F32524732D480039749D /* AddDrinksViewController.swift */,
				095E870A248816460046F404 /* StatisticViewController.swift */,
				095E871624896EAF0046F404 /* MacawChartView.swift */,
				0952DF432495024C00ACDA6B /* MililetersViewController.swift */,
				0932E4B724AFD54100E84C5E /* SettingsVC.swift */,
				0918A78F24B0BFCE0035B3CF /* EditDailyNormalVC.swift */,
				0961AFAB24B3AEEE005A51BD /* SetLanguageTableVC.swift */,
				0998247524C2EF990006204A /* SetNewWeightVC.swift */,
				09EB599224C4719F00968BCE /* AboutUsVC.swift */,
				095E279F24F01AC800B0BFC4 /* WriteToUsVC.swift */,
				09599BF424FD7E1600BC6C69 /* NotificationsTableViewTableViewController.swift */,
				099FA0FC250C04CF000C6F25 /* PrivacyPolic.swift */,
			);
			path = Controllers;
			sourceTree = "<group>";
		};
		0BE629EE5EE19698FBE73130 /* Frameworks */ = {
			isa = PBXGroup;
			children = (
				29F7213724526F6DFAC27016 /* Pods_Water_.framework */,
			);
			name = Frameworks;
			sourceTree = "<group>";
		};
		0CEC22C68076B384ABF1E234 /* Pods */ = {
			isa = PBXGroup;
			children = (
				AA116C0ADC526BA2D7D3B872 /* Pods-Water+.debug.xcconfig */,
				A39DCE0E2C5ED8C6D52CB672 /* Pods-Water+.release.xcconfig */,
			);
			path = Pods;
			sourceTree = "<group>";
		};
/* End PBXGroup section */

/* Begin PBXNativeTarget section */
		09F5183324715A1E00DFB0C7 /* Water+ */ = {
			isa = PBXNativeTarget;
			buildConfigurationList = 09F5184824715A2100DFB0C7 /* Build configuration list for PBXNativeTarget "Water+" */;
			buildPhases = (
				370E0FC31F683B4D2B5B21DB /* [CP] Check Pods Manifest.lock */,
				09F5183024715A1E00DFB0C7 /* Sources */,
				09F5183124715A1E00DFB0C7 /* Frameworks */,
				09F5183224715A1E00DFB0C7 /* Resources */,
				137322FA6668C1FF3BCCEA09 /* [CP] Embed Pods Frameworks */,
			);
			buildRules = (
			);
			dependencies = (
			);
			name = "Water+";
			productName = "Water+";
			productReference = 09F5183424715A1E00DFB0C7 /* Water+.app */;
			productType = "com.apple.product-type.application";
		};
/* End PBXNativeTarget section */

/* Begin PBXProject section */
		09F5182C24715A1E00DFB0C7 /* Project object */ = {
			isa = PBXProject;
			attributes = {
				LastSwiftUpdateCheck = 1140;
				LastUpgradeCheck = 1140;
				ORGANIZATIONNAME = "Ilya Kuznetsov";
				TargetAttributes = {
					09F5183324715A1E00DFB0C7 = {
						CreatedOnToolsVersion = 11.4.1;
					};
				};
			};
			buildConfigurationList = 09F5182F24715A1E00DFB0C7 /* Build configuration list for PBXProject "Water+" */;
			compatibilityVersion = "Xcode 9.3";
			developmentRegion = en;
			hasScannedForEncodings = 0;
			knownRegions = (
				en,
				Base,
				ru,
				de,
				it,
				fr,
			);
			mainGroup = 09F5182B24715A1E00DFB0C7;
			productRefGroup = 09F5183524715A1E00DFB0C7 /* Products */;
			projectDirPath = "";
			projectRoot = "";
			targets = (
				09F5183324715A1E00DFB0C7 /* Water+ */,
			);
		};
/* End PBXProject section */

/* Begin PBXResourcesBuildPhase section */
		09F5183224715A1E00DFB0C7 /* Resources */ = {
			isa = PBXResourcesBuildPhase;
			buildActionMask = 2147483647;
			files = (
				09F5184424715A2100DFB0C7 /* LaunchScreen.storyboard in Resources */,
				09F5184124715A2100DFB0C7 /* Assets.xcassets in Resources */,
				09F5183F24715A1E00DFB0C7 /* Main.storyboard in Resources */,
				09826B8524EE8A4F00EBF532 /* Localize.strings in Resources */,
			);
			runOnlyForDeploymentPostprocessing = 0;
		};
/* End PBXResourcesBuildPhase section */

/* Begin PBXShellScriptBuildPhase section */
		137322FA6668C1FF3BCCEA09 /* [CP] Embed Pods Frameworks */ = {
			isa = PBXShellScriptBuildPhase;
			buildActionMask = 2147483647;
			files = (
			);
			inputFileListPaths = (
				"${PODS_ROOT}/Target Support Files/Pods-Water+/Pods-Water+-frameworks-${CONFIGURATION}-input-files.xcfilelist",
			);
			name = "[CP] Embed Pods Frameworks";
			outputFileListPaths = (
				"${PODS_ROOT}/Target Support Files/Pods-Water+/Pods-Water+-frameworks-${CONFIGURATION}-output-files.xcfilelist",
			);
			runOnlyForDeploymentPostprocessing = 0;
			shellPath = /bin/sh;
			shellScript = "\"${PODS_ROOT}/Target Support Files/Pods-Water+/Pods-Water+-frameworks.sh\"\n";
			showEnvVarsInLog = 0;
		};
		370E0FC31F683B4D2B5B21DB /* [CP] Check Pods Manifest.lock */ = {
			isa = PBXShellScriptBuildPhase;
			buildActionMask = 2147483647;
			files = (
			);
			inputFileListPaths = (
			);
			inputPaths = (
				"${PODS_PODFILE_DIR_PATH}/Podfile.lock",
				"${PODS_ROOT}/Manifest.lock",
			);
			name = "[CP] Check Pods Manifest.lock";
			outputFileListPaths = (
			);
			outputPaths = (
				"$(DERIVED_FILE_DIR)/Pods-Water+-checkManifestLockResult.txt",
			);
			runOnlyForDeploymentPostprocessing = 0;
			shellPath = /bin/sh;
			shellScript = "diff \"${PODS_PODFILE_DIR_PATH}/Podfile.lock\" \"${PODS_ROOT}/Manifest.lock\" > /dev/null\nif [ $? != 0 ] ; then\n    # print error to STDERR\n    echo \"error: The sandbox is not in sync with the Podfile.lock. Run 'pod install' or update your CocoaPods installation.\" >&2\n    exit 1\nfi\n# This output is used by Xcode 'outputs' to avoid re-running this script phase.\necho \"SUCCESS\" > \"${SCRIPT_OUTPUT_FILE_0}\"\n";
			showEnvVarsInLog = 0;
		};
/* End PBXShellScriptBuildPhase section */

/* Begin PBXSourcesBuildPhase section */
		09F5183024715A1E00DFB0C7 /* Sources */ = {
			isa = PBXSourcesBuildPhase;
			buildActionMask = 2147483647;
			files = (
				09EB599324C4719F00968BCE /* AboutUsVC.swift in Sources */,
				0984F312247183BC0039749D /* Constants.swift in Sources */,
				09599BF524FD7E1600BC6C69 /* NotificationsTableViewTableViewController.swift in Sources */,
				095E871B248D34140046F404 /* CollectionViewCell.swift in Sources */,
				0984F32624732D480039749D /* AddDrinksViewController.swift in Sources */,
				09599BF9250035E600BC6C69 /* Localization.swift in Sources */,
				0984F3222472E5750039749D /* MainViewController.swift in Sources */,
				099FA0FF250C07A0000C6F25 /* ScrollViewVC.swift in Sources */,
				0984F31C2471BFBB0039749D /* Water.swift in Sources */,
				0998247624C2EF990006204A /* SetNewWeightVC.swift in Sources */,
				0923BDE324CB3B280042453C /* DaysOfWeek.swift in Sources */,
				097794A8249EAB930091F547 /* AddedDrinksCollectionViewCell.swift in Sources */,
				09F5183C24715A1E00DFB0C7 /* WelcomeViewController.swift in Sources */,
				095E871124881AFF0046F404 /* SettingsScreen.swift in Sources */,
				0925E91424A61B8F00639973 /* ProgressBarView.swift in Sources */,
				095E27A024F01AC800B0BFC4 /* WriteToUsVC.swift in Sources */,
				09448349247C372A00FD1040 /* SceneDelegate.swift in Sources */,
				0952DF442495024C00ACDA6B /* MililetersViewController.swift in Sources */,
				099FA0FD250C04CF000C6F25 /* PrivacyPolic.swift in Sources */,
				09599BF724FD7F0900BC6C69 /* NotificationsCell.swift in Sources */,
				0932E4B824AFD54100E84C5E /* SettingsVC.swift in Sources */,
				09F5184D24716B7200DFB0C7 /* WeightManViewController.swift in Sources */,
				0984F32824732E2A0039749D /* Drinks.swift in Sources */,
				0984F31624718E580039749D /* ActivityManViewController.swift in Sources */,
				0918A79024B0BFCE0035B3CF /* EditDailyNormalVC.swift in Sources */,
				0952DF4824950AA800ACDA6B /* MilimetersScreen.swift in Sources */,
				090C6BDC24B3BA3F00E5C12A /* LanguageScreen.swift in Sources */,
				0984F31A2471AE9D0039749D /* CalculateWater.swift in Sources */,
				095E8713248839F50046F404 /* SettingsCell.swift in Sources */,
				09F5183824715A1E00DFB0C7 /* AppDelegate.swift in Sources */,
				0984F31E2471C1A90039749D /* ResultViewController.swift in Sources */,
				095E8719248972010046F404 /* StatisticScreen.swift in Sources */,
				0961AFAC24B3AEEE005A51BD /* SetLanguageTableVC.swift in Sources */,
				0984F3242472FC010039749D /* ActivityWomanViewController.swift in Sources */,
				095E870B248816460046F404 /* StatisticViewController.swift in Sources */,
				0984F3202471C7BD0039749D /* WeightWomanViewController.swift in Sources */,
				0961AFAE24B3AF0F005A51BD /* LanguageCell.swift in Sources */,
				094483472479701900FD1040 /* UserSettings.swift in Sources */,
				095E871724896EAF0046F404 /* MacawChartView.swift in Sources */,
			);
			runOnlyForDeploymentPostprocessing = 0;
		};
/* End PBXSourcesBuildPhase section */

/* Begin PBXVariantGroup section */
		09826B8724EE8A4F00EBF532 /* Localize.strings */ = {
			isa = PBXVariantGroup;
			children = (
				09826B8624EE8A4F00EBF532 /* en */,
				09826B9024EEBE1700EBF532 /* ru */,
				09826B9324EECD5C00EBF532 /* de */,
				09826B9624EECD6300EBF532 /* it */,
			);
			name = Localize.strings;
			sourceTree = "<group>";
		};
		09F5183D24715A1E00DFB0C7 /* Main.storyboard */ = {
			isa = PBXVariantGroup;
			children = (
				09F5183E24715A1E00DFB0C7 /* Base */,
				09826B8D24EEB65B00EBF532 /* en */,
				09826B8E24EEBE1700EBF532 /* ru */,
				09826B9124EECD5B00EBF532 /* de */,
				09826B9424EECD6300EBF532 /* it */,
				0948833125114E68008B92A5 /* fr */,
			);
			name = Main.storyboard;
			sourceTree = "<group>";
		};
		09F5184224715A2100DFB0C7 /* LaunchScreen.storyboard */ = {
			isa = PBXVariantGroup;
			children = (
				09F5184324715A2100DFB0C7 /* Base */,
				09826B8F24EEBE1700EBF532 /* ru */,
				09826B9224EECD5C00EBF532 /* de */,
				09826B9524EECD6300EBF532 /* it */,
				0948833225114E68008B92A5 /* fr */,
			);
			name = LaunchScreen.storyboard;
			sourceTree = "<group>";
		};
/* End PBXVariantGroup section */

/* Begin XCBuildConfiguration section */
		09F5184624715A2100DFB0C7 /* Debug */ = {
			isa = XCBuildConfiguration;
			buildSettings = {
				ALWAYS_SEARCH_USER_PATHS = NO;
				CLANG_ANALYZER_LOCALIZABILITY_NONLOCALIZED = YES;
				CLANG_ANALYZER_NONNULL = YES;
				CLANG_ANALYZER_NUMBER_OBJECT_CONVERSION = YES_AGGRESSIVE;
				CLANG_CXX_LANGUAGE_STANDARD = "gnu++14";
				CLANG_CXX_LIBRARY = "libc++";
				CLANG_ENABLE_MODULES = YES;
				CLANG_ENABLE_OBJC_ARC = YES;
				CLANG_ENABLE_OBJC_WEAK = YES;
				CLANG_WARN_BLOCK_CAPTURE_AUTORELEASING = YES;
				CLANG_WARN_BOOL_CONVERSION = YES;
				CLANG_WARN_COMMA = YES;
				CLANG_WARN_CONSTANT_CONVERSION = YES;
				CLANG_WARN_DEPRECATED_OBJC_IMPLEMENTATIONS = YES;
				CLANG_WARN_DIRECT_OBJC_ISA_USAGE = YES_ERROR;
				CLANG_WARN_DOCUMENTATION_COMMENTS = YES;
				CLANG_WARN_EMPTY_BODY = YES;
				CLANG_WARN_ENUM_CONVERSION = YES;
				CLANG_WARN_INFINITE_RECURSION = YES;
				CLANG_WARN_INT_CONVERSION = YES;
				CLANG_WARN_NON_LITERAL_NULL_CONVERSION = YES;
				CLANG_WARN_OBJC_IMPLICIT_RETAIN_SELF = YES;
				CLANG_WARN_OBJC_LITERAL_CONVERSION = YES;
				CLANG_WARN_OBJC_ROOT_CLASS = YES_ERROR;
				CLANG_WARN_RANGE_LOOP_ANALYSIS = YES;
				CLANG_WARN_STRICT_PROTOTYPES = YES;
				CLANG_WARN_SUSPICIOUS_MOVE = YES;
				CLANG_WARN_UNGUARDED_AVAILABILITY = YES_AGGRESSIVE;
				CLANG_WARN_UNREACHABLE_CODE = YES;
				CLANG_WARN__DUPLICATE_METHOD_MATCH = YES;
				COPY_PHASE_STRIP = NO;
				DEBUG_INFORMATION_FORMAT = dwarf;
				ENABLE_STRICT_OBJC_MSGSEND = YES;
				ENABLE_TESTABILITY = YES;
				GCC_C_LANGUAGE_STANDARD = gnu11;
				GCC_DYNAMIC_NO_PIC = NO;
				GCC_NO_COMMON_BLOCKS = YES;
				GCC_OPTIMIZATION_LEVEL = 0;
				GCC_PREPROCESSOR_DEFINITIONS = (
					"DEBUG=1",
					"$(inherited)",
				);
				GCC_WARN_64_TO_32_BIT_CONVERSION = YES;
				GCC_WARN_ABOUT_RETURN_TYPE = YES_ERROR;
				GCC_WARN_UNDECLARED_SELECTOR = YES;
				GCC_WARN_UNINITIALIZED_AUTOS = YES_AGGRESSIVE;
				GCC_WARN_UNUSED_FUNCTION = YES;
				GCC_WARN_UNUSED_VARIABLE = YES;
				IPHONEOS_DEPLOYMENT_TARGET = 13.7;
				MTL_ENABLE_DEBUG_INFO = INCLUDE_SOURCE;
				MTL_FAST_MATH = YES;
				ONLY_ACTIVE_ARCH = YES;
				SDKROOT = iphoneos;
				SWIFT_ACTIVE_COMPILATION_CONDITIONS = DEBUG;
				SWIFT_OPTIMIZATION_LEVEL = "-Onone";
			};
			name = Debug;
		};
		09F5184724715A2100DFB0C7 /* Release */ = {
			isa = XCBuildConfiguration;
			buildSettings = {
				ALWAYS_SEARCH_USER_PATHS = NO;
				CLANG_ANALYZER_LOCALIZABILITY_NONLOCALIZED = YES;
				CLANG_ANALYZER_NONNULL = YES;
				CLANG_ANALYZER_NUMBER_OBJECT_CONVERSION = YES_AGGRESSIVE;
				CLANG_CXX_LANGUAGE_STANDARD = "gnu++14";
				CLANG_CXX_LIBRARY = "libc++";
				CLANG_ENABLE_MODULES = YES;
				CLANG_ENABLE_OBJC_ARC = YES;
				CLANG_ENABLE_OBJC_WEAK = YES;
				CLANG_WARN_BLOCK_CAPTURE_AUTORELEASING = YES;
				CLANG_WARN_BOOL_CONVERSION = YES;
				CLANG_WARN_COMMA = YES;
				CLANG_WARN_CONSTANT_CONVERSION = YES;
				CLANG_WARN_DEPRECATED_OBJC_IMPLEMENTATIONS = YES;
				CLANG_WARN_DIRECT_OBJC_ISA_USAGE = YES_ERROR;
				CLANG_WARN_DOCUMENTATION_COMMENTS = YES;
				CLANG_WARN_EMPTY_BODY = YES;
				CLANG_WARN_ENUM_CONVERSION = YES;
				CLANG_WARN_INFINITE_RECURSION = YES;
				CLANG_WARN_INT_CONVERSION = YES;
				CLANG_WARN_NON_LITERAL_NULL_CONVERSION = YES;
				CLANG_WARN_OBJC_IMPLICIT_RETAIN_SELF = YES;
				CLANG_WARN_OBJC_LITERAL_CONVERSION = YES;
				CLANG_WARN_OBJC_ROOT_CLASS = YES_ERROR;
				CLANG_WARN_RANGE_LOOP_ANALYSIS = YES;
				CLANG_WARN_STRICT_PROTOTYPES = YES;
				CLANG_WARN_SUSPICIOUS_MOVE = YES;
				CLANG_WARN_UNGUARDED_AVAILABILITY = YES_AGGRESSIVE;
				CLANG_WARN_UNREACHABLE_CODE = YES;
				CLANG_WARN__DUPLICATE_METHOD_MATCH = YES;
				COPY_PHASE_STRIP = NO;
				DEBUG_INFORMATION_FORMAT = "dwarf-with-dsym";
				ENABLE_NS_ASSERTIONS = NO;
				ENABLE_STRICT_OBJC_MSGSEND = YES;
				GCC_C_LANGUAGE_STANDARD = gnu11;
				GCC_NO_COMMON_BLOCKS = YES;
				GCC_WARN_64_TO_32_BIT_CONVERSION = YES;
				GCC_WARN_ABOUT_RETURN_TYPE = YES_ERROR;
				GCC_WARN_UNDECLARED_SELECTOR = YES;
				GCC_WARN_UNINITIALIZED_AUTOS = YES_AGGRESSIVE;
				GCC_WARN_UNUSED_FUNCTION = YES;
				GCC_WARN_UNUSED_VARIABLE = YES;
				IPHONEOS_DEPLOYMENT_TARGET = 13.7;
				MTL_ENABLE_DEBUG_INFO = NO;
				MTL_FAST_MATH = YES;
				SDKROOT = iphoneos;
				SWIFT_COMPILATION_MODE = wholemodule;
				SWIFT_OPTIMIZATION_LEVEL = "-O";
				VALIDATE_PRODUCT = YES;
			};
			name = Release;
		};
		09F5184924715A2100DFB0C7 /* Debug */ = {
			isa = XCBuildConfiguration;
			baseConfigurationReference = AA116C0ADC526BA2D7D3B872 /* Pods-Water+.debug.xcconfig */;
			buildSettings = {
				ASSETCATALOG_COMPILER_APPICON_NAME = AppIcon;
				CODE_SIGN_STYLE = Automatic;
				DEVELOPMENT_TEAM = 44S95Z526W;
				INFOPLIST_FILE = "Water+/Info.plist";
				LD_RUNPATH_SEARCH_PATHS = (
					"$(inherited)",
					"@executable_path/Frameworks",
				);
				PRODUCT_BUNDLE_IDENTIFIER = "com.ilyakuznetsov.Water-";
				PRODUCT_NAME = "$(TARGET_NAME)";
				SWIFT_VERSION = 5.0;
				TARGETED_DEVICE_FAMILY = 1;
			};
			name = Debug;
		};
		09F5184A24715A2100DFB0C7 /* Release */ = {
			isa = XCBuildConfiguration;
			baseConfigurationReference = A39DCE0E2C5ED8C6D52CB672 /* Pods-Water+.release.xcconfig */;
			buildSettings = {
				ASSETCATALOG_COMPILER_APPICON_NAME = AppIcon;
				CODE_SIGN_STYLE = Automatic;
				DEVELOPMENT_TEAM = 44S95Z526W;
				INFOPLIST_FILE = "Water+/Info.plist";
				LD_RUNPATH_SEARCH_PATHS = (
					"$(inherited)",
					"@executable_path/Frameworks",
				);
				PRODUCT_BUNDLE_IDENTIFIER = "com.ilyakuznetsov.Water-";
				PRODUCT_NAME = "$(TARGET_NAME)";
				SWIFT_VERSION = 5.0;
				TARGETED_DEVICE_FAMILY = 1;
			};
			name = Release;
		};
/* End XCBuildConfiguration section */

/* Begin XCConfigurationList section */
		09F5182F24715A1E00DFB0C7 /* Build configuration list for PBXProject "Water+" */ = {
			isa = XCConfigurationList;
			buildConfigurations = (
				09F5184624715A2100DFB0C7 /* Debug */,
				09F5184724715A2100DFB0C7 /* Release */,
			);
			defaultConfigurationIsVisible = 0;
			defaultConfigurationName = Release;
		};
		09F5184824715A2100DFB0C7 /* Build configuration list for PBXNativeTarget "Water+" */ = {
			isa = XCConfigurationList;
			buildConfigurations = (
				09F5184924715A2100DFB0C7 /* Debug */,
				09F5184A24715A2100DFB0C7 /* Release */,
			);
			defaultConfigurationIsVisible = 0;
			defaultConfigurationName = Release;
		};
/* End XCConfigurationList section */
	};
	rootObject = 09F5182C24715A1E00DFB0C7 /* Project object */;
}
